
Microsoft Visual Studio Solution File, Format Version 12.00
# Visual Studio Version 17
VisualStudioVersion = 17.0.31903.59
MinimumVisualStudioVersion = 10.0.40219.1
Project("{FAE04EC0-301F-11D3-BF4B-00C04F79EFBC}") = "TrainOffice", "TrainOffice\TrainOffice.csproj", "{D0BD6982-7AFA-44C6-9681-019FA925911D}"
EndProject
Project("{FAE04EC0-301F-11D3-BF4B-00C04F79EFBC}") = "TrainOffice.Tests", "TrainOffice.Tests\TrainOffice.Tests.csproj", "{31BE349F-3D77-4B06-8EF0-FCC22EB0A64A}"
EndProject
Global
	GlobalSection(SolutionConfigurationPlatforms) = preSolution
		Debug|Any CPU = Debug|Any CPU
		Release|Any CPU = Release|Any CPU
	EndGlobalSection
	GlobalSection(SolutionProperties) = preSolution
		HideSolutionNode = FALSE
	EndGlobalSection
	GlobalSection(ProjectConfigurationPlatforms) = postSolution
		{D0BD6982-7AFA-44C6-9681-019FA925911D}.Debug|Any CPU.ActiveCfg = Debug|Any CPU
		{D0BD6982-7AFA-44C6-9681-019FA925911D}.Debug|Any CPU.Build.0 = Debug|Any CPU
		{D0BD6982-7AFA-44C6-9681-019FA925911D}.Release|Any CPU.ActiveCfg = Release|Any CPU
		{D0BD6982-7AFA-44C6-9681-019FA925911D}.Release|Any CPU.Build.0 = Release|Any CPU
		{31BE349F-3D77-4B06-8EF0-FCC22EB0A64A}.Debug|Any CPU.ActiveCfg = Debug|Any CPU
		{31BE349F-3D77-4B06-8EF0-FCC22EB0A64A}.Debug|Any CPU.Build.0 = Debug|Any CPU
		{31BE349F-3D77-4B06-8EF0-FCC22EB0A64A}.Release|Any CPU.ActiveCfg = Release|Any CPU
		{31BE349F-3D77-4B06-8EF0-FCC22EB0A64A}.Release|Any CPU.Build.0 = Release|Any CPU
	EndGlobalSection
EndGlobal
